<Solution>
  <Folder Name="/.github/">
    <File Path="../.github/workflows/dotnet.yml" />
  </Folder>
  <Folder Name="/Solution Items/">
    <File Path=".editorconfig" />
    <File Path="Directory.Packages.props" />
  </Folder>
  <Folder Name="/src/">
    <Project Path="src/BouncerBot/BouncerBot.csproj" />
  </Folder>
  <Folder Name="/tests/">
    <Project Path="tests/BouncerBot.Tests/BouncerBot.Tests.csproj" />
  </Folder>
</Solution>
